
Microsoft Visual Studio Solution File, Format Version 12.00
# Visual Studio Version 17
VisualStudioVersion = 17.6.33815.320
MinimumVisualStudioVersion = 10.0.40219.1
Project("{FAE04EC0-301F-11D3-BF4B-00C04F79EFBC}") = "SERVER", "SERVER\SERVER.csproj", "{280DC718-A182-42B8-9640-0CFAC0E2AA16}"
EndProject
Project("{FAE04EC0-301F-11D3-BF4B-00C04F79EFBC}") = "HOST", "HOST\HOST.csproj", "{6B5D8F54-D1A8-42A4-ACAC-490ADEAE1108}"
EndProject
Global
	GlobalSection(SolutionConfigurationPlatforms) = preSolution
		Debug|Any CPU = Debug|Any CPU
		Release|Any CPU = Release|Any CPU
	EndGlobalSection
	GlobalSection(ProjectConfigurationPlatforms) = postSolution
		{280DC718-A182-42B8-9640-0CFAC0E2AA16}.Debug|Any CPU.ActiveCfg = Debug|Any CPU
		{280DC718-A182-42B8-9640-0CFAC0E2AA16}.Debug|Any CPU.Build.0 = Debug|Any CPU
		{280DC718-A182-42B8-9640-0CFAC0E2AA16}.Release|Any CPU.ActiveCfg = Release|Any CPU
		{280DC718-A182-42B8-9640-0CFAC0E2AA16}.Release|Any CPU.Build.0 = Release|Any CPU
		{6B5D8F54-D1A8-42A4-ACAC-490ADEAE1108}.Debug|Any CPU.ActiveCfg = Debug|Any CPU
		{6B5D8F54-D1A8-42A4-ACAC-490ADEAE1108}.Debug|Any CPU.Build.0 = Debug|Any CPU
		{6B5D8F54-D1A8-42A4-ACAC-490ADEAE1108}.Release|Any CPU.ActiveCfg = Release|Any CPU
		{6B5D8F54-D1A8-42A4-ACAC-490ADEAE1108}.Release|Any CPU.Build.0 = Release|Any CPU
	EndGlobalSection
	GlobalSection(SolutionProperties) = preSolution
		HideSolutionNode = FALSE
	EndGlobalSection
	GlobalSection(ExtensibilityGlobals) = postSolution
		SolutionGuid = {A50E9DA1-0F1C-44AC-92C2-695111F9E427}
	EndGlobalSection
EndGlobal
